
Microsoft Visual Studio Solution File, Format Version 12.00
# Visual Studio Version 16
VisualStudioVersion = 16.0.29102.190
MinimumVisualStudioVersion = 10.0.40219.1
Project("{FAE04EC0-301F-11D3-BF4B-00C04F79EFBC}") = "Delegate_Lambda_Anonymous", "Delegate_Lambda_Anonymous.csproj", "{8A045D78-D0E7-489D-B724-810DB564871B}"
EndProject
Global
	GlobalSection(SolutionConfigurationPlatforms) = preSolution
		Debug|Any CPU = Debug|Any CPU
		Release|Any CPU = Release|Any CPU
	EndGlobalSection
	GlobalSection(ProjectConfigurationPlatforms) = postSolution
		{8A045D78-D0E7-489D-B724-810DB564871B}.Debug|Any CPU.ActiveCfg = Debug|Any CPU
		{8A045D78-D0E7-489D-B724-810DB564871B}.Debug|Any CPU.Build.0 = Debug|Any CPU
		{8A045D78-D0E7-489D-B724-810DB564871B}.Release|Any CPU.ActiveCfg = Release|Any CPU
		{8A045D78-D0E7-489D-B724-810DB564871B}.Release|Any CPU.Build.0 = Release|Any CPU
	EndGlobalSection
	GlobalSection(SolutionProperties) = preSolution
		HideSolutionNode = FALSE
	EndGlobalSection
	GlobalSection(ExtensibilityGlobals) = postSolution
		SolutionGuid = {2D75C092-8B0D-47D6-A2DE-0156AB6C0DE3}
	EndGlobalSection
EndGlobal
